{
  "name": "@iola_adm/iola-skills",
  "version": "0.1.0",
  "lockfileVersion": 3,
  "requires": true,
  "packages": {
    "": {
      "name": "@iola_adm/iola-skills",
      "version": "0.1.0",
      "license": "MIT",
      "bin": {
        "iola-skills": "npm/bin/iola-skills.js"
      },
      "engines": {
        "node": ">=22.5.0"
      }
    }
  }
}
